
Microsoft Visual Studio Solution File, Format Version 12.00
# Visual Studio Version 17
VisualStudioVersion = 17.14.36109.1 d17.14
MinimumVisualStudioVersion = 10.0.40219.1
Project("{FAE04EC0-301F-11D3-BF4B-00C04F79EFBC}") = "TinhDienTichHCN", "TinhDienTichHCN\TinhDienTichHCN.csproj", "{D339CFFA-E83B-429A-9001-497769DAE36D}"
EndProject
Global
	GlobalSection(SolutionConfigurationPlatforms) = preSolution
		Debug|Any CPU = Debug|Any CPU
		Release|Any CPU = Release|Any CPU
	EndGlobalSection
	GlobalSection(ProjectConfigurationPlatforms) = postSolution
		{D339CFFA-E83B-429A-9001-497769DAE36D}.Debug|Any CPU.ActiveCfg = Debug|Any CPU
		{D339CFFA-E83B-429A-9001-497769DAE36D}.Debug|Any CPU.Build.0 = Debug|Any CPU
		{D339CFFA-E83B-429A-9001-497769DAE36D}.Release|Any CPU.ActiveCfg = Release|Any CPU
		{D339CFFA-E83B-429A-9001-497769DAE36D}.Release|Any CPU.Build.0 = Release|Any CPU
	EndGlobalSection
	GlobalSection(SolutionProperties) = preSolution
		HideSolutionNode = FALSE
	EndGlobalSection
	GlobalSection(ExtensibilityGlobals) = postSolution
		SolutionGuid = {EA9CDC2D-1312-4AC7-BB2A-AC939D5EF496}
	EndGlobalSection
EndGlobal
