
Microsoft Visual Studio Solution File, Format Version 12.00
# Visual Studio Version 17
VisualStudioVersion = 17.14.36109.1 d17.14
MinimumVisualStudioVersion = 10.0.40219.1
Project("{FAE04EC0-301F-11D3-BF4B-00C04F79EFBC}") = "SoNhoNHat", "SoNhoNHat\SoNhoNHat.csproj", "{ECF3B63A-ADC0-487E-A36C-96E97ED89172}"
EndProject
Global
	GlobalSection(SolutionConfigurationPlatforms) = preSolution
		Debug|Any CPU = Debug|Any CPU
		Release|Any CPU = Release|Any CPU
	EndGlobalSection
	GlobalSection(ProjectConfigurationPlatforms) = postSolution
		{ECF3B63A-ADC0-487E-A36C-96E97ED89172}.Debug|Any CPU.ActiveCfg = Debug|Any CPU
		{ECF3B63A-ADC0-487E-A36C-96E97ED89172}.Debug|Any CPU.Build.0 = Debug|Any CPU
		{ECF3B63A-ADC0-487E-A36C-96E97ED89172}.Release|Any CPU.ActiveCfg = Release|Any CPU
		{ECF3B63A-ADC0-487E-A36C-96E97ED89172}.Release|Any CPU.Build.0 = Release|Any CPU
	EndGlobalSection
	GlobalSection(SolutionProperties) = preSolution
		HideSolutionNode = FALSE
	EndGlobalSection
	GlobalSection(ExtensibilityGlobals) = postSolution
		SolutionGuid = {E14EFD43-8684-49E5-8EAA-1C3833B1699B}
	EndGlobalSection
EndGlobal
