
Microsoft Visual Studio Solution File, Format Version 12.00
# Visual Studio Version 17
VisualStudioVersion = 17.14.36109.1 d17.14
MinimumVisualStudioVersion = 10.0.40219.1
Project("{FAE04EC0-301F-11D3-BF4B-00C04F79EFBC}") = "KiemTraSoDoiXung", "KiemTraSoDoiXung\KiemTraSoDoiXung.csproj", "{AE96705E-DCA0-4034-89D4-53854DA7C197}"
EndProject
Global
	GlobalSection(SolutionConfigurationPlatforms) = preSolution
		Debug|Any CPU = Debug|Any CPU
		Release|Any CPU = Release|Any CPU
	EndGlobalSection
	GlobalSection(ProjectConfigurationPlatforms) = postSolution
		{AE96705E-DCA0-4034-89D4-53854DA7C197}.Debug|Any CPU.ActiveCfg = Debug|Any CPU
		{AE96705E-DCA0-4034-89D4-53854DA7C197}.Debug|Any CPU.Build.0 = Debug|Any CPU
		{AE96705E-DCA0-4034-89D4-53854DA7C197}.Release|Any CPU.ActiveCfg = Release|Any CPU
		{AE96705E-DCA0-4034-89D4-53854DA7C197}.Release|Any CPU.Build.0 = Release|Any CPU
	EndGlobalSection
	GlobalSection(SolutionProperties) = preSolution
		HideSolutionNode = FALSE
	EndGlobalSection
	GlobalSection(ExtensibilityGlobals) = postSolution
		SolutionGuid = {B198FF7A-84D6-4ED7-A35C-9D3515C85BE5}
	EndGlobalSection
EndGlobal
